github.com/codegangsta/negroni v1.0.0 h1:+aYywywx4bnKXWvoWtRfJ91vC59NbEhEY03sZjQhbVY=
github.com/codegangsta/negroni v1.0.0/go.mod h1:v0y3T5G7Y1UlFfyxFn/QLRU4a2EuNau2iZY63YTKWo0=
github.com/eknkc/amber v0.0.0-20171010120322-cdade1c07385 h1:clC1lXBpe2kTj2VHdaIu9ajZQe4kcEY9j0NsnDDBZ3o=
github.com/eknkc/amber v0.0.0-20171010120322-cdade1c07385/go.mod h1:0vRUJqYpeSZifjYj7uP3BG/gKcuzL9xWVV/Y+cK33KM=
github.com/gorilla/mux v1.7.0 h1:tOSd0UKHQd6urX6ApfOn4XdBMY6Sh1MfxV3kmaazO+U=
github.com/gorilla/mux v1.7.0/go.mod h1:1lud6UwP+6orDFRuTfBEV8e9/aOM/c4fVVCaMa2zaAs=
github.com/maxsuelmarinho/golang-event-driven-example v0.0.0-20190404022015-7f83710076d3 h1:TtLEvxEgls/48GswQ2Qb0y7Av1atyrBmUMwGtu9bSug=
github.com/maxsuelmarinho/golang-event-driven-example v0.0.0-20190404022015-7f83710076d3/go.mod h1:v/Alw1xAClhPONWapK+Ct0WqIbPZ1E7k2Ler0cmfMqU=
github.com/streadway/amqp v0.0.0-20190402114354-16ed540749f6 h1:D8lgxQkWwQ6cloDE8Qql7XKmxYgbReNY1KhQUsBQvBk=
github.com/streadway/amqp v0.0.0-20190402114354-16ed540749f6/go.mod h1:AZpEONHx3DKn8O/DFsRAY58/XVQiIPMTMB1SddzLXVw=
github.com/unrolled/render v1.0.0 h1:XYtvhA3UkpB7PqkvhUFYmpKD55OudoIeygcfus4vcd4=
github.com/unrolled/render v1.0.0/go.mod h1:tu82oB5W2ykJRVioYsB+IQKcft7ryBr7w12qMBUPyXg=
